// !$*UTF8*$!
{
	archiveVersion = 1;
	classes = {
	};
	objectVersion = 46;
	objects = {

/* Begin PBXBuildFile section */
		FCE6A1EA1F6DC96A00E23368 /* AppDelegate.swift in Sources */ = {isa = PBXBuildFile; fileRef = FCE6A1E91F6DC96A00E23368 /* AppDelegate.swift */; };
		FCE6A1EC1F6DC96A00E23368 /* ViewController.swift in Sources */ = {isa = PBXBuildFile; fileRef = FCE6A1EB1F6DC96A00E23368 /* ViewController.swift */; };
		FCE6A1EF1F6DC96A00E23368 /* Main.storyboard in Resources */ = {isa = PBXBuildFile; fileRef = FCE6A1ED1F6DC96A00E23368 /* Main.storyboard */; };
		FCE6A1F11F6DC96A00E23368 /* Assets.xcassets in Resources */ = {isa = PBXBuildFile; fileRef = FCE6A1F01F6DC96A00E23368 /* Assets.xcassets */; };
		FCE6A1F41F6DC96A00E23368 /* LaunchScreen.storyboard in Resources */ = {isa = PBXBuildFile; fileRef = FCE6A1F21F6DC96A00E23368 /* LaunchScreen.storyboard */; };
		FCE6A1FF1F6DC96A00E23368 /* watIEatTests.swift in Sources */ = {isa = PBXBuildFile; fileRef = FCE6A1FE1F6DC96A00E23368 /* watIEatTests.swift */; };
/* End PBXBuildFile section */

/* Begin PBXContainerItemProxy section */
		FCE6A1FB1F6DC96A00E23368 /* PBXContainerItemProxy */ = {
			isa = PBXContainerItemProxy;
			containerPortal = FCE6A1DE1F6DC96A00E23368 /* Project object */;
			proxyType = 1;
			remoteGlobalIDString = FCE6A1E51F6DC96A00E23368;
			remoteInfo = watIEat;
		};
/* End PBXContainerItemProxy section */

/* Begin PBXFileReference section */
		FCE6A1E61F6DC96A00E23368 /* watIEat.app */ = {isa = PBXFileReference; explicitFileType = wrapper.application; includeInIndex = 0; path = watIEat.app; sourceTree = BUILT_PRODUCTS_DIR; };
		FCE6A1E91F6DC96A00E23368 /* AppDelegate.swift */ = {isa = PBXFileReference; lastKnownFileType = sourcecode.swift; path = AppDelegate.swift; sourceTree = "<group>"; };
		FCE6A1EB1F6DC96A00E23368 /* ViewController.swift */ = {isa = PBXFileReference; lastKnownFileType = sourcecode.swift; path = ViewController.swift; sourceTree = "<group>"; };
		FCE6A1EE1F6DC96A00E23368 /* Base */ = {isa = PBXFileReference; lastKnownFileType = file.storyboard; name = Base; path = Base.lproj/Main.storyboard; sourceTree = "<group>"; };
		FCE6A1F01F6DC96A00E23368 /* Assets.xcassets */ = {isa = PBXFileReference; lastKnownFileType = folder.assetcatalog; path = Assets.xcassets; sourceTree = "<group>"; };
		FCE6A1F31F6DC96A00E23368 /* Base */ = {isa = PBXFileReference; lastKnownFileType = file.storyboard; name = Base; path = Base.lproj/LaunchScreen.storyboard; sourceTree = "<group>"; };
		FCE6A1F51F6DC96A00E23368 /* Info.plist */ = {isa = PBXFileReference; lastKnownFileType = text.plist.xml; path = Info.plist; sourceTree = "<group>"; };
		FCE6A1FA1F6DC96A00E23368 /* watIEatTests.xctest */ = {isa = PBXFileReference; explicitFileType = wrapper.cfbundle; includeInIndex = 0; path = watIEatTests.xctest; sourceTree = BUILT_PRODUCTS_DIR; };
		FCE6A1FE1F6DC96A00E23368 /* watIEatTests.swift */ = {isa = PBXFileReference; lastKnownFileType = sourcecode.swift; path = watIEatTests.swift; sourceTree = "<group>"; };
		FCE6A2001F6DC96A00E23368 /* Info.plist */ = {isa = PBXFileReference; lastKnownFileType = text.plist.xml; path = Info.plist; sourceTree = "<group>"; };
/* End PBXFileReference section */

/* Begin PBXFrameworksBuildPhase section */
		FCE6A1E31F6DC96A00E23368 /* Frameworks */ = {
			isa = PBXFrameworksBuildPhase;
			buildActionMask = 2147483647;
			files = (
			);
			runOnlyForDeploymentPostprocessing = 0;
		};
		FCE6A1F71F6DC96A00E23368 /* Frameworks */ = {
			isa = PBXFrameworksBuildPhase;
			buildActionMask = 2147483647;
			files = (
			);
			runOnlyForDeploymentPostprocessing = 0;
		};
/* End PBXFrameworksBuildPhase section */

/* Begin PBXGroup section */
		FCE6A1DD1F6DC96A00E23368 = {
			isa = PBXGroup;
			children = (
				FCE6A1E81F6DC96A00E23368 /* watIEat */,
				FCE6A1FD1F6DC96A00E23368 /* watIEatTests */,
				FCE6A1E71F6DC96A00E23368 /* Products */,
			);
			sourceTree = "<group>";
		};
		FCE6A1E71F6DC96A00E23368 /* Products */ = {
			isa = PBXGroup;
			children = (
				FCE6A1E61F6DC96A00E23368 /* watIEat.app */,
				FCE6A1FA1F6DC96A00E23368 /* watIEatTests.xctest */,
			);
			name = Products;
			sourceTree = "<group>";
		};
		FCE6A1E81F6DC96A00E23368 /* watIEat */ = {
			isa = PBXGroup;
			children = (
				FCE6A1E91F6DC96A00E23368 /* AppDelegate.swift */,
				FCE6A1EB1F6DC96A00E23368 /* ViewController.swift */,
				FCE6A1ED1F6DC96A00E23368 /* Main.storyboard */,
				FCE6A1F01F6DC96A00E23368 /* Assets.xcassets */,
				FCE6A1F21F6DC96A00E23368 /* LaunchScreen.storyboard */,
				FCE6A1F51F6DC96A00E23368 /* Info.plist */,
			);
			path = watIEat;
			sourceTree = "<group>";
		};
		FCE6A1FD1F6DC96A00E23368 /* watIEatTests */ = {
			isa = PBXGroup;
			children = (
				FCE6A1FE1F6DC96A00E23368 /* watIEatTests.swift */,
				FCE6A2001F6DC96A00E23368 /* Info.plist */,
			);
			path = watIEatTests;
			sourceTree = "<group>";
		};
/* End PBXGroup section */

/* Begin PBXNativeTarget section */
		FCE6A1E51F6DC96A00E23368 /* watIEat */ = {
			isa = PBXNativeTarget;
			buildConfigurationList = FCE6A2031F6DC96A00E23368 /* Build configuration list for PBXNativeTarget "watIEat" */;
			buildPhases = (
				FCE6A1E21F6DC96A00E23368 /* Sources */,
				FCE6A1E31F6DC96A00E23368 /* Frameworks */,
				FCE6A1E41F6DC96A00E23368 /* Resources */,
			);
			buildRules = (
			);
			dependencies = (
			);
			name = watIEat;
			productName = watIEat;
			productReference = FCE6A1E61F6DC96A00E23368 /* watIEat.app */;
			productType = "com.apple.product-type.application";
		};
		FCE6A1F91F6DC96A00E23368 /* watIEatTests */ = {
			isa = PBXNativeTarget;
			buildConfigurationList = FCE6A2061F6DC96A00E23368 /* Build configuration list for PBXNativeTarget "watIEatTests" */;
			buildPhases = (
				FCE6A1F61F6DC96A00E23368 /* Sources */,
				FCE6A1F71F6DC96A00E23368 /* Frameworks */,
				FCE6A1F81F6DC96A00E23368 /* Resources */,
			);
			buildRules = (
			);
			dependencies = (
				FCE6A1FC1F6DC96A00E23368 /* PBXTargetDependency */,
			);
			name = watIEatTests;
			productName = watIEatTests;
			productReference = FCE6A1FA1F6DC96A00E23368 /* watIEatTests.xctest */;
			productType = "com.apple.product-type.bundle.unit-test";
		};
/* End PBXNativeTarget section */

/* Begin PBXProject section */
		FCE6A1DE1F6DC96A00E23368 /* Project object */ = {
			isa = PBXProject;
			attributes = {
				LastSwiftUpdateCheck = 0830;
				LastUpgradeCheck = 0830;
				ORGANIZATIONNAME = "Umesh Chandra Mishra";
				TargetAttributes = {
					FCE6A1E51F6DC96A00E23368 = {
						CreatedOnToolsVersion = 8.3.3;
						ProvisioningStyle = Automatic;
					};
					FCE6A1F91F6DC96A00E23368 = {
						CreatedOnToolsVersion = 8.3.3;
						ProvisioningStyle = Automatic;
						TestTargetID = FCE6A1E51F6DC96A00E23368;
					};
				};
			};
			buildConfigurationList = FCE6A1E11F6DC96A00E23368 /* Build configuration list for PBXProject "watIEat" */;
			compatibilityVersion = "Xcode 3.2";
			developmentRegion = English;
			hasScannedForEncodings = 0;
			knownRegions = (
				en,
				Base,
			);
			mainGroup = FCE6A1DD1F6DC96A00E23368;
			productRefGroup = FCE6A1E71F6DC96A00E23368 /* Products */;
			projectDirPath = "";
			projectRoot = "";
			targets = (
				FCE6A1E51F6DC96A00E23368 /* watIEat */,
				FCE6A1F91F6DC96A00E23368 /* watIEatTests */,
			);
		};
/* End PBXProject section */

/* Begin PBXResourcesBuildPhase section */
		FCE6A1E41F6DC96A00E23368 /* Resources */ = {
			isa = PBXResourcesBuildPhase;
			buildActionMask = 2147483647;
			files = (
				FCE6A1F41F6DC96A00E23368 /* LaunchScreen.storyboard in Resources */,
				FCE6A1F11F6DC96A00E23368 /* Assets.xcassets in Resources */,
				FCE6A1EF1F6DC96A00E23368 /* Main.storyboard in Resources */,
			);
			runOnlyForDeploymentPostprocessing = 0;
		};
		FCE6A1F81F6DC96A00E23368 /* Resources */ = {
			isa = PBXResourcesBuildPhase;
			buildActionMask = 2147483647;
			files = (
			);
			runOnlyForDeploymentPostprocessing = 0;
		};
/* End PBXResourcesBuildPhase section */

/* Begin PBXSourcesBuildPhase section */
		FCE6A1E21F6DC96A00E23368 /* Sources */ = {
			isa = PBXSourcesBuildPhase;
			buildActionMask = 2147483647;
			files = (
				FCE6A1EC1F6DC96A00E23368 /* ViewController.swift in Sources */,
				FCE6A1EA1F6DC96A00E23368 /* AppDelegate.swift in Sources */,
			);
			runOnlyForDeploymentPostprocessing = 0;
		};
		FCE6A1F61F6DC96A00E23368 /* Sources */ = {
			isa = PBXSourcesBuildPhase;
			buildActionMask = 2147483647;
			files = (
				FCE6A1FF1F6DC96A00E23368 /* watIEatTests.swift in Sources */,
			);
			runOnlyForDeploymentPostprocessing = 0;
		};
/* End PBXSourcesBuildPhase section */

/* Begin PBXTargetDependency section */
		FCE6A1FC1F6DC96A00E23368 /* PBXTargetDependency */ = {
			isa = PBXTargetDependency;
			target = FCE6A1E51F6DC96A00E23368 /* watIEat */;
			targetProxy = FCE6A1FB1F6DC96A00E23368 /* PBXContainerItemProxy */;
		};
/* End PBXTargetDependency section */

/* Begin PBXVariantGroup section */
		FCE6A1ED1F6DC96A00E23368 /* Main.storyboard */ = {
			isa = PBXVariantGroup;
			children = (
				FCE6A1EE1F6DC96A00E23368 /* Base */,
			);
			name = Main.storyboard;
			sourceTree = "<group>";
		};
		FCE6A1F21F6DC96A00E23368 /* LaunchScreen.storyboard */ = {
			isa = PBXVariantGroup;
			children = (
				FCE6A1F31F6DC96A00E23368 /* Base */,
			);
			name = LaunchScreen.storyboard;
			sourceTree = "<group>";
		};
/* End PBXVariantGroup section */

/* Begin XCBuildConfiguration section */
		FCE6A2011F6DC96A00E23368 /* Debug */ = {
			isa = XCBuildConfiguration;
			buildSettings = {
				ALWAYS_SEARCH_USER_PATHS = NO;
				CLANG_ANALYZER_NONNULL = YES;
				CLANG_ANALYZER_NUMBER_OBJECT_CONVERSION = YES_AGGRESSIVE;
				CLANG_CXX_LANGUAGE_STANDARD = "gnu++0x";
				CLANG_CXX_LIBRARY = "libc++";
				CLANG_ENABLE_MODULES = YES;
				CLANG_ENABLE_OBJC_ARC = YES;
				CLANG_WARN_BOOL_CONVERSION = YES;
				CLANG_WARN_CONSTANT_CONVERSION = YES;
				CLANG_WARN_DIRECT_OBJC_ISA_USAGE = YES_ERROR;
				CLANG_WARN_DOCUMENTATION_COMMENTS = YES;
				CLANG_WARN_EMPTY_BODY = YES;
				CLANG_WARN_ENUM_CONVERSION = YES;
				CLANG_WARN_INFINITE_RECURSION = YES;
				CLANG_WARN_INT_CONVERSION = YES;
				CLANG_WARN_OBJC_ROOT_CLASS = YES_ERROR;
				CLANG_WARN_SUSPICIOUS_MOVE = YES;
				CLANG_WARN_UNREACHABLE_CODE = YES;
				CLANG_WARN__DUPLICATE_METHOD_MATCH = YES;
				"CODE_SIGN_IDENTITY[sdk=iphoneos*]" = "iPhone Developer";
				COPY_PHASE_STRIP = NO;
				DEBUG_INFORMATION_FORMAT = dwarf;
				ENABLE_STRICT_OBJC_MSGSEND = YES;
				ENABLE_TESTABILITY = YES;
				GCC_C_LANGUAGE_STANDARD = gnu99;
				GCC_DYNAMIC_NO_PIC = NO;
				GCC_NO_COMMON_BLOCKS = YES;
				GCC_OPTIMIZATION_LEVEL = 0;
				GCC_PREPROCESSOR_DEFINITIONS = (
					"DEBUG=1",
					"$(inherited)",
				);
				GCC_WARN_64_TO_32_BIT_CONVERSION = YES;
				GCC_WARN_ABOUT_RETURN_TYPE = YES_ERROR;
				GCC_WARN_UNDECLARED_SELECTOR = YES;
				GCC_WARN_UNINITIALIZED_AUTOS = YES_AGGRESSIVE;
				GCC_WARN_UNUSED_FUNCTION = YES;
				GCC_WARN_UNUSED_VARIABLE = YES;
				IPHONEOS_DEPLOYMENT_TARGET = 10.3;
				MTL_ENABLE_DEBUG_INFO = YES;
				ONLY_ACTIVE_ARCH = YES;
				SDKROOT = iphoneos;
				SWIFT_ACTIVE_COMPILATION_CONDITIONS = DEBUG;
				SWIFT_OPTIMIZATION_LEVEL = "-Onone";
			};
			name = Debug;
		};
		FCE6A2021F6DC96A00E23368 /* Release */ = {
			isa = XCBuildConfiguration;
			buildSettings = {
				ALWAYS_SEARCH_USER_PATHS = NO;
				CLANG_ANALYZER_NONNULL = YES;
				CLANG_ANALYZER_NUMBER_OBJECT_CONVERSION = YES_AGGRESSIVE;
				CLANG_CXX_LANGUAGE_STANDARD = "gnu++0x";
				CLANG_CXX_LIBRARY = "libc++";
				CLANG_ENABLE_MODULES = YES;
				CLANG_ENABLE_OBJC_ARC = YES;
				CLANG_WARN_BOOL_CONVERSION = YES;
				CLANG_WARN_CONSTANT_CONVERSION = YES;
				CLANG_WARN_DIRECT_OBJC_ISA_USAGE = YES_ERROR;
				CLANG_WARN_DOCUMENTATION_COMMENTS = YES;
				CLANG_WARN_EMPTY_BODY = YES;
				CLANG_WARN_ENUM_CONVERSION = YES;
				CLANG_WARN_INFINITE_RECURSION = YES;
				CLANG_WARN_INT_CONVERSION = YES;
				CLANG_WARN_OBJC_ROOT_CLASS = YES_ERROR;
				CLANG_WARN_SUSPICIOUS_MOVE = YES;
				CLANG_WARN_UNREACHABLE_CODE = YES;
				CLANG_WARN__DUPLICATE_METHOD_MATCH = YES;
				"CODE_SIGN_IDENTITY[sdk=iphoneos*]" = "iPhone Developer";
				COPY_PHASE_STRIP = NO;
				DEBUG_INFORMATION_FORMAT = "dwarf-with-dsym";
				ENABLE_NS_ASSERTIONS = NO;
				ENABLE_STRICT_OBJC_MSGSEND = YES;
				GCC_C_LANGUAGE_STANDARD = gnu99;
				GCC_NO_COMMON_BLOCKS = YES;
				GCC_WARN_64_TO_32_BIT_CONVERSION = YES;
				GCC_WARN_ABOUT_RETURN_TYPE = YES_ERROR;
				GCC_WARN_UNDECLARED_SELECTOR = YES;
				GCC_WARN_UNINITIALIZED_AUTOS = YES_AGGRESSIVE;
				GCC_WARN_UNUSED_FUNCTION = YES;
				GCC_WARN_UNUSED_VARIABLE = YES;
				IPHONEOS_DEPLOYMENT_TARGET = 10.3;
				MTL_ENABLE_DEBUG_INFO = NO;
				SDKROOT = iphoneos;
				SWIFT_OPTIMIZATION_LEVEL = "-Owholemodule";
				VALIDATE_PRODUCT = YES;
			};
			name = Release;
		};
		FCE6A2041F6DC96A00E23368 /* Debug */ = {
			isa = XCBuildConfiguration;
			buildSettings = {
				ASSETCATALOG_COMPILER_APPICON_NAME = AppIcon;
				INFOPLIST_FILE = watIEat/Info.plist;
				LD_RUNPATH_SEARCH_PATHS = "$(inherited) @executable_path/Frameworks";
				PRODUCT_BUNDLE_IDENTIFIER = com.watieat.watIEat;
				PRODUCT_NAME = "$(TARGET_NAME)";
				SWIFT_VERSION = 3.0;
			};
			name = Debug;
		};
		FCE6A2051F6DC96A00E23368 /* Release */ = {
			isa = XCBuildConfiguration;
			buildSettings = {
				ASSETCATALOG_COMPILER_APPICON_NAME = AppIcon;
				INFOPLIST_FILE = watIEat/Info.plist;
				LD_RUNPATH_SEARCH_PATHS = "$(inherited) @executable_path/Frameworks";
				PRODUCT_BUNDLE_IDENTIFIER = com.watieat.watIEat;
				PRODUCT_NAME = "$(TARGET_NAME)";
				SWIFT_VERSION = 3.0;
			};
			name = Release;
		};
		FCE6A2071F6DC96A00E23368 /* Debug */ = {
			isa = XCBuildConfiguration;
			buildSettings = {
				ALWAYS_EMBED_SWIFT_STANDARD_LIBRARIES = YES;
				BUNDLE_LOADER = "$(TEST_HOST)";
				INFOPLIST_FILE = watIEatTests/Info.plist;
				LD_RUNPATH_SEARCH_PATHS = "$(inherited) @executable_path/Frameworks @loader_path/Frameworks";
				PRODUCT_BUNDLE_IDENTIFIER = com.watieat.watIEatTests;
				PRODUCT_NAME = "$(TARGET_NAME)";
				SWIFT_VERSION = 3.0;
				TEST_HOST = "$(BUILT_PRODUCTS_DIR)/watIEat.app/watIEat";
			};
			name = Debug;
		};
		FCE6A2081F6DC96A00E23368 /* Release */ = {
			isa = XCBuildConfiguration;
			buildSettings = {
				ALWAYS_EMBED_SWIFT_STANDARD_LIBRARIES = YES;
				BUNDLE_LOADER = "$(TEST_HOST)";
				INFOPLIST_FILE = watIEatTests/Info.plist;
				LD_RUNPATH_SEARCH_PATHS = "$(inherited) @executable_path/Frameworks @loader_path/Frameworks";
				PRODUCT_BUNDLE_IDENTIFIER = com.watieat.watIEatTests;
				PRODUCT_NAME = "$(TARGET_NAME)";
				SWIFT_VERSION = 3.0;
				TEST_HOST = "$(BUILT_PRODUCTS_DIR)/watIEat.app/watIEat";
			};
			name = Release;
		};
/* End XCBuildConfiguration section */

/* Begin XCConfigurationList section */
		FCE6A1E11F6DC96A00E23368 /* Build configuration list for PBXProject "watIEat" */ = {
			isa = XCConfigurationList;
			buildConfigurations = (
				FCE6A2011F6DC96A00E23368 /* Debug */,
				FCE6A2021F6DC96A00E23368 /* Release */,
			);
			defaultConfigurationIsVisible = 0;
			defaultConfigurationName = Release;
		};
		FCE6A2031F6DC96A00E23368 /* Build configuration list for PBXNativeTarget "watIEat" */ = {
			isa = XCConfigurationList;
			buildConfigurations = (
				FCE6A2041F6DC96A00E23368 /* Debug */,
				FCE6A2051F6DC96A00E23368 /* Release */,
			);
			defaultConfigurationIsVisible = 0;
		};
		FCE6A2061F6DC96A00E23368 /* Build configuration list for PBXNativeTarget "watIEatTests" */ = {
			isa = XCConfigurationList;
			buildConfigurations = (
				FCE6A2071F6DC96A00E23368 /* Debug */,
				FCE6A2081F6DC96A00E23368 /* Release */,
			);
			defaultConfigurationIsVisible = 0;
		};
/* End XCConfigurationList section */
	};
	rootObject = FCE6A1DE1F6DC96A00E23368 /* Project object */;
}
